
Microsoft Visual Studio Solution File, Format Version 12.00
# Visual Studio 15
Project("{FAE04EC0-301F-11D3-BF4B-00C04F79EFBC}") = "Unity.Timeline", "Unity.Timeline.csproj", "{FAA2C381-0F9A-E2E6-1F51-A596AFB782CE}"
EndProject
Project("{FAE04EC0-301F-11D3-BF4B-00C04F79EFBC}") = "Unity.RenderPipelines.GPUDriven.Runtime", "Unity.RenderPipelines.GPUDriven.Runtime.csproj", "{AF808185-26E3-ECD4-C00C-2B8244EB0438}"
EndProject
Project("{FAE04EC0-301F-11D3-BF4B-00C04F79EFBC}") = "Unity.PlasticSCM.Editor", "Unity.PlasticSCM.Editor.csproj", "{DBF540CE-01A1-C138-C22A-75C353D3D0DA}"
EndProject
Project("{FAE04EC0-301F-11D3-BF4B-00C04F79EFBC}") = "Unity.2D.Aseprite.Editor", "Unity.2D.Aseprite.Editor.csproj", "{9CD07F24-979A-70D1-AD87-62FDA23F0C0C}"
EndProject
Project("{FAE04EC0-301F-11D3-BF4B-00C04F79EFBC}") = "Unity.ShaderGraph.Editor", "Unity.ShaderGraph.Editor.csproj", "{8125D0BB-81E7-959E-2B04-55E407BA6565}"
EndProject
Project("{FAE04EC0-301F-11D3-BF4B-00C04F79EFBC}") = "Unity.RenderPipelines.Core.Runtime", "Unity.RenderPipelines.Core.Runtime.csproj", "{87AC83AE-100B-82D4-420E-20EB643C32A7}"
EndProject
Project("{FAE04EC0-301F-11D3-BF4B-00C04F79EFBC}") = "Unity.Mathematics", "Unity.Mathematics.csproj", "{FBB7F814-E97A-58C3-81C9-BE816E4AC961}"
EndProject
Project("{FAE04EC0-301F-11D3-BF4B-00C04F79EFBC}") = "Unity.Timeline.Editor", "Unity.Timeline.Editor.csproj", "{9B2E024C-D5F9-0C92-10C2-229EC042EC54}"
EndProject
Project("{FAE04EC0-301F-11D3-BF4B-00C04F79EFBC}") = "Unity.Multiplayer.Center.Editor", "Unity.Multiplayer.Center.Editor.csproj", "{628D2B13-EA37-5C09-B67F-CCC7905EBAD9}"
EndProject
Project("{FAE04EC0-301F-11D3-BF4B-00C04F79EFBC}") = "Unity.RenderPipelines.Core.Editor", "Unity.RenderPipelines.Core.Editor.csproj", "{3AB7C0B9-8D59-DB52-5035-09A9BEDA9D2B}"
EndProject
Project("{FAE04EC0-301F-11D3-BF4B-00C04F79EFBC}") = "Unity.Collections", "Unity.Collections.csproj", "{1871512E-CC80-E445-9217-04894DAB2BD8}"
EndProject
Project("{FAE04EC0-301F-11D3-BF4B-00C04F79EFBC}") = "UnityEngine.UI", "UnityEngine.UI.csproj", "{04A8E057-27BF-C535-B63A-264B4875AAEE}"
EndProject
Project("{FAE04EC0-301F-11D3-BF4B-00C04F79EFBC}") = "Unity.2D.IK.Runtime", "Unity.2D.IK.Runtime.csproj", "{E7F7C981-79ED-59CE-DF39-4203FD7456C4}"
EndProject
Project("{FAE04EC0-301F-11D3-BF4B-00C04F79EFBC}") = "Unity.RenderPipelines.Universal.2D.Runtime", "Unity.RenderPipelines.Universal.2D.Runtime.csproj", "{805EE543-472A-B010-3F31-952D1CCFE327}"
EndProject
Project("{FAE04EC0-301F-11D3-BF4B-00C04F79EFBC}") = "Unity.2D.Psdimporter.Editor", "Unity.2D.Psdimporter.Editor.csproj", "{2BB03D78-5FD2-6E31-E235-ACDE9D0267A0}"
EndProject
Project("{FAE04EC0-301F-11D3-BF4B-00C04F79EFBC}") = "Unity.VisualScripting.Core.Editor", "Unity.VisualScripting.Core.Editor.csproj", "{27DF5B6B-FAC2-0194-7B34-E299D7F6637E}"
EndProject
Project("{FAE04EC0-301F-11D3-BF4B-00C04F79EFBC}") = "Unity.RenderPipelines.Universal.Editor", "Unity.RenderPipelines.Universal.Editor.csproj", "{3FA72752-A860-2340-E3C1-86E9600986E0}"
EndProject
Project("{FAE04EC0-301F-11D3-BF4B-00C04F79EFBC}") = "Unity.PerformanceTesting.Editor", "Unity.PerformanceTesting.Editor.csproj", "{B069A814-5467-4805-D77B-DE314C4EF988}"
EndProject
Project("{FAE04EC0-301F-11D3-BF4B-00C04F79EFBC}") = "UnityEngine.TestRunner", "UnityEngine.TestRunner.csproj", "{AC5F0BB9-461C-5BB6-28D1-5483D211F95C}"
EndProject
Project("{FAE04EC0-301F-11D3-BF4B-00C04F79EFBC}") = "Unity.2D.Tilemap.Editor", "Unity.2D.Tilemap.Editor.csproj", "{C395DB17-F6E5-2AF2-6B15-81CDF7F0FBB5}"
EndProject
Project("{FAE04EC0-301F-11D3-BF4B-00C04F79EFBC}") = "Unity.Burst", "Unity.Burst.csproj", "{C9645C8D-197B-9494-361A-0CEE4F4A2692}"
EndProject
Project("{FAE04EC0-301F-11D3-BF4B-00C04F79EFBC}") = "Unity.VisualScripting.Flow.Editor", "Unity.VisualScripting.Flow.Editor.csproj", "{3FE14059-8A87-4970-0F45-F1205337C9D0}"
EndProject
Project("{FAE04EC0-301F-11D3-BF4B-00C04F79EFBC}") = "Unity.2D.SpriteShape.Editor", "Unity.2D.SpriteShape.Editor.csproj", "{66F0A480-7ADA-EA6C-FBC3-97068929FA6F}"
EndProject
Project("{FAE04EC0-301F-11D3-BF4B-00C04F79EFBC}") = "Unity.VisualStudio.Editor", "Unity.VisualStudio.Editor.csproj", "{907EA8C5-47AB-A2EE-39C1-E53D55C7C2AF}"
EndProject
Project("{FAE04EC0-301F-11D3-BF4B-00C04F79EFBC}") = "Unity.InputSystem", "Unity.InputSystem.csproj", "{CB42A4DB-4C11-A5EE-F00A-131203DA5F7B}"
EndProject
Project("{FAE04EC0-301F-11D3-BF4B-00C04F79EFBC}") = "PPv2URPConverters", "PPv2URPConverters.csproj", "{2D58B865-E53A-0DBB-384B-A242D59F7C96}"
EndProject
Project("{FAE04EC0-301F-11D3-BF4B-00C04F79EFBC}") = "Unity.2D.Animation.Editor", "Unity.2D.Animation.Editor.csproj", "{08D09553-0D01-44EA-7A35-301DC9FEF12A}"
EndProject
Project("{FAE04EC0-301F-11D3-BF4B-00C04F79EFBC}") = "Unity.Searcher.Editor", "Unity.Searcher.Editor.csproj", "{22C3D044-AD0E-176C-59C7-DFABF772BCE1}"
EndProject
Project("{FAE04EC0-301F-11D3-BF4B-00C04F79EFBC}") = "Unity.2D.SpriteShape.Runtime", "Unity.2D.SpriteShape.Runtime.csproj", "{CBB757AC-BC47-22C8-78E4-39286AD39D0B}"
EndProject
Project("{FAE04EC0-301F-11D3-BF4B-00C04F79EFBC}") = "UnityEditor.TestRunner", "UnityEditor.TestRunner.csproj", "{95B14304-2022-EDCF-B289-5F58BB870BC2}"
EndProject
Project("{FAE04EC0-301F-11D3-BF4B-00C04F79EFBC}") = "Unity.VisualScripting.Core", "Unity.VisualScripting.Core.csproj", "{821B0483-F73B-AEE6-ED9A-474647FFD048}"
EndProject
Project("{FAE04EC0-301F-11D3-BF4B-00C04F79EFBC}") = "Unity.RenderPipelines.Universal.Runtime", "Unity.RenderPipelines.Universal.Runtime.csproj", "{8C6067E8-4800-5538-DC17-9E7852D82CB1}"
EndProject
Project("{FAE04EC0-301F-11D3-BF4B-00C04F79EFBC}") = "Unity.CollabProxy.Editor", "Unity.CollabProxy.Editor.csproj", "{C04CF7EA-511F-2F3B-F2B6-4ECB926090CE}"
EndProject
Project("{FAE04EC0-301F-11D3-BF4B-00C04F79EFBC}") = "Unity.VisualScripting.State.Editor", "Unity.VisualScripting.State.Editor.csproj", "{2740235E-ACB4-8204-D0F2-764F81C6CEE7}"
EndProject
Project("{FAE04EC0-301F-11D3-BF4B-00C04F79EFBC}") = "Unity.Burst.CodeGen", "Unity.Burst.CodeGen.csproj", "{13DC0546-2201-50F2-EE0C-1344FB086BD6}"
EndProject
Project("{FAE04EC0-301F-11D3-BF4B-00C04F79EFBC}") = "Unity.VisualScripting.Flow", "Unity.VisualScripting.Flow.csproj", "{68C6BFC6-DE9D-BB5B-9F37-FDC030518723}"
EndProject
Project("{FAE04EC0-301F-11D3-BF4B-00C04F79EFBC}") = "Unity.PerformanceTesting", "Unity.PerformanceTesting.csproj", "{EECC5F2A-0AE4-58AF-FC21-05F6210E7DB7}"
EndProject
Project("{FAE04EC0-301F-11D3-BF4B-00C04F79EFBC}") = "Unity.2D.Tilemap.Extras.Editor", "Unity.2D.Tilemap.Extras.Editor.csproj", "{8E9978FB-F994-6B11-B8A2-1FF6E2D3558E}"
EndProject
Project("{FAE04EC0-301F-11D3-BF4B-00C04F79EFBC}") = "Unity.TextMeshPro", "Unity.TextMeshPro.csproj", "{68DB470C-0DC9-C1B8-C32E-C292E02D4248}"
EndProject
Project("{FAE04EC0-301F-11D3-BF4B-00C04F79EFBC}") = "Unity.TextMeshPro.Editor", "Unity.TextMeshPro.Editor.csproj", "{9586DC81-BC47-8E23-6AA4-8E8836BEE73C}"
EndProject
Project("{FAE04EC0-301F-11D3-BF4B-00C04F79EFBC}") = "Unity.Rendering.LightTransport.Runtime", "Unity.Rendering.LightTransport.Runtime.csproj", "{C1F26990-CC48-F06B-FBB7-906D02AC0C35}"
EndProject
Project("{FAE04EC0-301F-11D3-BF4B-00C04F79EFBC}") = "PsdPlugin", "PsdPlugin.csproj", "{E72EFB45-1B23-0B50-7729-18A205C33939}"
EndProject
Project("{FAE04EC0-301F-11D3-BF4B-00C04F79EFBC}") = "Unity.2D.IK.Editor", "Unity.2D.IK.Editor.csproj", "{317D9524-7A86-9DFD-C10D-4F6D53FE5793}"
EndProject
Project("{FAE04EC0-301F-11D3-BF4B-00C04F79EFBC}") = "Unity.InternalAPIEngineBridge.001", "Unity.InternalAPIEngineBridge.001.csproj", "{1A7E353F-E741-1358-0E23-5B3D67953835}"
EndProject
Project("{FAE04EC0-301F-11D3-BF4B-00C04F79EFBC}") = "Assembly-CSharp", "Assembly-CSharp.csproj", "{3FACD4BE-2322-BFDA-BADB-88AC709FF4F4}"
EndProject
Project("{FAE04EC0-301F-11D3-BF4B-00C04F79EFBC}") = "Unity.2D.Aseprite.Common", "Unity.2D.Aseprite.Common.csproj", "{F3FAC72D-ABE0-1354-468C-D7F63D55B81A}"
EndProject
Project("{FAE04EC0-301F-11D3-BF4B-00C04F79EFBC}") = "Unity.Burst.Editor", "Unity.Burst.Editor.csproj", "{1C77130E-5DF8-641B-021D-7FFFFC309B16}"
EndProject
Project("{FAE04EC0-301F-11D3-BF4B-00C04F79EFBC}") = "Unity.2D.Common.Path.Editor", "Unity.2D.Common.Path.Editor.csproj", "{FBF864E6-A4B0-696A-3C8E-064DBA599645}"
EndProject
Project("{FAE04EC0-301F-11D3-BF4B-00C04F79EFBC}") = "Unity.2D.Common.Editor", "Unity.2D.Common.Editor.csproj", "{B1E94787-9A7C-B3C8-0BF5-AB1E5616E2AF}"
EndProject
Project("{FAE04EC0-301F-11D3-BF4B-00C04F79EFBC}") = "Unity.Rider.Editor", "Unity.Rider.Editor.csproj", "{68D10B97-0FE6-D394-78D4-BAD53C148C9C}"
EndProject
Project("{FAE04EC0-301F-11D3-BF4B-00C04F79EFBC}") = "Unity.VisualScripting.State", "Unity.VisualScripting.State.csproj", "{A158824E-F46E-EA8C-3837-80DC34B4011F}"
EndProject
Project("{FAE04EC0-301F-11D3-BF4B-00C04F79EFBC}") = "Unity.InternalAPIEditorBridge.001", "Unity.InternalAPIEditorBridge.001.csproj", "{63EA6C68-CDF0-8FC0-BB34-53E040719719}"
EndProject
Project("{FAE04EC0-301F-11D3-BF4B-00C04F79EFBC}") = "UnityEditor.UI", "UnityEditor.UI.csproj", "{37A82091-B036-A275-85A2-71C4FAD48A73}"
EndProject
Project("{FAE04EC0-301F-11D3-BF4B-00C04F79EFBC}") = "Unity.2D.PixelPerfect.Editor", "Unity.2D.PixelPerfect.Editor.csproj", "{D7F335BA-1747-9414-A9BB-81532138D781}"
EndProject
Project("{FAE04EC0-301F-11D3-BF4B-00C04F79EFBC}") = "Unity.2D.Sprite.Editor", "Unity.2D.Sprite.Editor.csproj", "{533B54EF-8C9A-73FF-32F2-23FB45B07053}"
EndProject
Project("{FAE04EC0-301F-11D3-BF4B-00C04F79EFBC}") = "Unity.Multiplayer.Center.Common", "Unity.Multiplayer.Center.Common.csproj", "{EB09233E-C8C8-30BF-6D47-40A6BD27ECCE}"
EndProject
Project("{FAE04EC0-301F-11D3-BF4B-00C04F79EFBC}") = "Unity.InputSystem.ForUI", "Unity.InputSystem.ForUI.csproj", "{EF6E3050-8D4D-079D-3B40-7C93B739A3E4}"
EndProject
Project("{FAE04EC0-301F-11D3-BF4B-00C04F79EFBC}") = "Unity.Collections.CodeGen", "Unity.Collections.CodeGen.csproj", "{6BADFA6E-D3F8-D634-3EA0-3A6FB4AA6BD0}"
EndProject
Project("{FAE04EC0-301F-11D3-BF4B-00C04F79EFBC}") = "Unity.2D.Tilemap.Extras", "Unity.2D.Tilemap.Extras.csproj", "{637FB6B9-1354-E311-57FA-DB20D7174AA7}"
EndProject
Project("{FAE04EC0-301F-11D3-BF4B-00C04F79EFBC}") = "Unity.2D.Animation.Runtime", "Unity.2D.Animation.Runtime.csproj", "{3B422FFA-7792-FB36-30CA-680AACDD8F21}"
EndProject
Project("{FAE04EC0-301F-11D3-BF4B-00C04F79EFBC}") = "Unity.Mathematics.Editor", "Unity.Mathematics.Editor.csproj", "{BA38B49B-3321-CBCB-7396-107ADF83C86B}"
EndProject
Project("{FAE04EC0-301F-11D3-BF4B-00C04F79EFBC}") = "Unity.VisualScripting.SettingsProvider.Editor", "Unity.VisualScripting.SettingsProvider.Editor.csproj", "{1D16C252-D764-42FA-C74B-8C66193361E0}"
EndProject
Project("{FAE04EC0-301F-11D3-BF4B-00C04F79EFBC}") = "Unity.InputSystem.TestFramework", "Unity.InputSystem.TestFramework.csproj", "{25F03403-68E9-00AB-15A1-5EA0DEC9A662}"
EndProject
Project("{FAE04EC0-301F-11D3-BF4B-00C04F79EFBC}") = "Unity.ShaderGraph.Utilities", "Unity.ShaderGraph.Utilities.csproj", "{C5324A22-DF1A-6BC3-312A-BC7BB5D4472B}"
EndProject
Project("{FAE04EC0-301F-11D3-BF4B-00C04F79EFBC}") = "Unity.VisualScripting.Shared.Editor", "Unity.VisualScripting.Shared.Editor.csproj", "{48EA681B-4295-B5C3-1319-1FD0E37B3353}"
EndProject
Project("{FAE04EC0-301F-11D3-BF4B-00C04F79EFBC}") = "Unity.RenderPipeline.Universal.ShaderLibrary", "Unity.RenderPipeline.Universal.ShaderLibrary.csproj", "{F3BCC316-6718-CA78-1938-322D4378CB3B}"
EndProject
Project("{FAE04EC0-301F-11D3-BF4B-00C04F79EFBC}") = "Unity.2D.Common.Runtime", "Unity.2D.Common.Runtime.csproj", "{7A9B8EA0-F863-DD83-94C0-B3FF46891B42}"
EndProject
Project("{FAE04EC0-301F-11D3-BF4B-00C04F79EFBC}") = "Unity.2D.PixelPerfect", "Unity.2D.PixelPerfect.csproj", "{7E41B585-984C-6449-8797-9A6FB1B79B68}"
EndProject
Project("{FAE04EC0-301F-11D3-BF4B-00C04F79EFBC}") = "Unity.Rendering.LightTransport.Editor", "Unity.Rendering.LightTransport.Editor.csproj", "{4F2DAAA7-5EF0-F223-55C9-37EF716A7B54}"
EndProject
Project("{FAE04EC0-301F-11D3-BF4B-00C04F79EFBC}") = "Unity.InputSystem.DocCodeSamples", "Unity.InputSystem.DocCodeSamples.csproj", "{EF38F4CA-9D22-833C-693E-53898F779F80}"
EndProject
Project("{FAE04EC0-301F-11D3-BF4B-00C04F79EFBC}") = "Unity.RenderPipelines.Universal.Shaders", "Unity.RenderPipelines.Universal.Shaders.csproj", "{D943C0BE-CAF3-A163-259C-267B52772B5E}"
EndProject
Project("{FAE04EC0-301F-11D3-BF4B-00C04F79EFBC}") = "Unity.RenderPipelines.Core.Runtime.Shared", "Unity.RenderPipelines.Core.Runtime.Shared.csproj", "{D3BC790D-C602-2137-015B-8FB098EE91FA}"
EndProject
Project("{FAE04EC0-301F-11D3-BF4B-00C04F79EFBC}") = "ScriptablePacker", "ScriptablePacker.csproj", "{E758E79A-2CDE-F335-EB23-F3B44CC92181}"
EndProject
Project("{FAE04EC0-301F-11D3-BF4B-00C04F79EFBC}") = "Unity.Collections.Editor", "Unity.Collections.Editor.csproj", "{EFF9E362-867F-9168-5C35-AFC88AF9B8AC}"
EndProject
Project("{FAE04EC0-301F-11D3-BF4B-00C04F79EFBC}") = "Unity.RenderPipelines.Universal.Config.Runtime", "Unity.RenderPipelines.Universal.Config.Runtime.csproj", "{B63546AA-B728-1A45-2200-ED33E6BBCBF3}"
EndProject
Project("{FAE04EC0-301F-11D3-BF4B-00C04F79EFBC}") = "Unity.RenderPipelines.ShaderGraph.ShaderGraphLibrary", "Unity.RenderPipelines.ShaderGraph.ShaderGraphLibrary.csproj", "{C34DDE99-FF12-FDBE-6855-FC1D51326E99}"
EndProject
Project("{FAE04EC0-301F-11D3-BF4B-00C04F79EFBC}") = "Unity.RenderPipelines.Core.ShaderLibrary", "Unity.RenderPipelines.Core.ShaderLibrary.csproj", "{F8FF7A44-122B-4171-9BF7-4F7E645EADD5}"
EndProject
Project("{FAE04EC0-301F-11D3-BF4B-00C04F79EFBC}") = "Unity.RenderPipelines.Core.Editor.Shared", "Unity.RenderPipelines.Core.Editor.Shared.csproj", "{EAF8DAE5-95E1-E1A9-3FC3-8DF032409ED6}"
EndProject
Global
	GlobalSection(SolutionConfigurationPlatforms) = preSolution
		Debug|Any CPU = Debug|Any CPU
		Release|Any CPU = Release|Any CPU
	EndGlobalSection
	GlobalSection(ProjectConfigurationPlatforms) = postSolution
		{FAA2C381-0F9A-E2E6-1F51-A596AFB782CE}.Debug|Any CPU.ActiveCfg = Debug|Any CPU
		{FAA2C381-0F9A-E2E6-1F51-A596AFB782CE}.Debug|Any CPU.Build.0 = Debug|Any CPU
		{FAA2C381-0F9A-E2E6-1F51-A596AFB782CE}.Release|Any CPU.ActiveCfg = Release|Any CPU
		{FAA2C381-0F9A-E2E6-1F51-A596AFB782CE}.Release|Any CPU.Build.0 = Release|Any CPU
		{AF808185-26E3-ECD4-C00C-2B8244EB0438}.Debug|Any CPU.ActiveCfg = Debug|Any CPU
		{AF808185-26E3-ECD4-C00C-2B8244EB0438}.Debug|Any CPU.Build.0 = Debug|Any CPU
		{AF808185-26E3-ECD4-C00C-2B8244EB0438}.Release|Any CPU.ActiveCfg = Release|Any CPU
		{AF808185-26E3-ECD4-C00C-2B8244EB0438}.Release|Any CPU.Build.0 = Release|Any CPU
		{DBF540CE-01A1-C138-C22A-75C353D3D0DA}.Debug|Any CPU.ActiveCfg = Debug|Any CPU
		{DBF540CE-01A1-C138-C22A-75C353D3D0DA}.Debug|Any CPU.Build.0 = Debug|Any CPU
		{DBF540CE-01A1-C138-C22A-75C353D3D0DA}.Release|Any CPU.ActiveCfg = Release|Any CPU
		{DBF540CE-01A1-C138-C22A-75C353D3D0DA}.Release|Any CPU.Build.0 = Release|Any CPU
		{9CD07F24-979A-70D1-AD87-62FDA23F0C0C}.Debug|Any CPU.ActiveCfg = Debug|Any CPU
		{9CD07F24-979A-70D1-AD87-62FDA23F0C0C}.Debug|Any CPU.Build.0 = Debug|Any CPU
		{9CD07F24-979A-70D1-AD87-62FDA23F0C0C}.Release|Any CPU.ActiveCfg = Release|Any CPU
		{9CD07F24-979A-70D1-AD87-62FDA23F0C0C}.Release|Any CPU.Build.0 = Release|Any CPU
		{8125D0BB-81E7-959E-2B04-55E407BA6565}.Debug|Any CPU.ActiveCfg = Debug|Any CPU
		{8125D0BB-81E7-959E-2B04-55E407BA6565}.Debug|Any CPU.Build.0 = Debug|Any CPU
		{8125D0BB-81E7-959E-2B04-55E407BA6565}.Release|Any CPU.ActiveCfg = Release|Any CPU
		{8125D0BB-81E7-959E-2B04-55E407BA6565}.Release|Any CPU.Build.0 = Release|Any CPU
		{87AC83AE-100B-82D4-420E-20EB643C32A7}.Debug|Any CPU.ActiveCfg = Debug|Any CPU
		{87AC83AE-100B-82D4-420E-20EB643C32A7}.Debug|Any CPU.Build.0 = Debug|Any CPU
		{87AC83AE-100B-82D4-420E-20EB643C32A7}.Release|Any CPU.ActiveCfg = Release|Any CPU
		{87AC83AE-100B-82D4-420E-20EB643C32A7}.Release|Any CPU.Build.0 = Release|Any CPU
		{FBB7F814-E97A-58C3-81C9-BE816E4AC961}.Debug|Any CPU.ActiveCfg = Debug|Any CPU
		{FBB7F814-E97A-58C3-81C9-BE816E4AC961}.Debug|Any CPU.Build.0 = Debug|Any CPU
		{FBB7F814-E97A-58C3-81C9-BE816E4AC961}.Release|Any CPU.ActiveCfg = Release|Any CPU
		{FBB7F814-E97A-58C3-81C9-BE816E4AC961}.Release|Any CPU.Build.0 = Release|Any CPU
		{9B2E024C-D5F9-0C92-10C2-229EC042EC54}.Debug|Any CPU.ActiveCfg = Debug|Any CPU
		{9B2E024C-D5F9-0C92-10C2-229EC042EC54}.Debug|Any CPU.Build.0 = Debug|Any CPU
		{9B2E024C-D5F9-0C92-10C2-229EC042EC54}.Release|Any CPU.ActiveCfg = Release|Any CPU
		{9B2E024C-D5F9-0C92-10C2-229EC042EC54}.Release|Any CPU.Build.0 = Release|Any CPU
		{628D2B13-EA37-5C09-B67F-CCC7905EBAD9}.Debug|Any CPU.ActiveCfg = Debug|Any CPU
		{628D2B13-EA37-5C09-B67F-CCC7905EBAD9}.Debug|Any CPU.Build.0 = Debug|Any CPU
		{628D2B13-EA37-5C09-B67F-CCC7905EBAD9}.Release|Any CPU.ActiveCfg = Release|Any CPU
		{628D2B13-EA37-5C09-B67F-CCC7905EBAD9}.Release|Any CPU.Build.0 = Release|Any CPU
		{3AB7C0B9-8D59-DB52-5035-09A9BEDA9D2B}.Debug|Any CPU.ActiveCfg = Debug|Any CPU
		{3AB7C0B9-8D59-DB52-5035-09A9BEDA9D2B}.Debug|Any CPU.Build.0 = Debug|Any CPU
		{3AB7C0B9-8D59-DB52-5035-09A9BEDA9D2B}.Release|Any CPU.ActiveCfg = Release|Any CPU
		{3AB7C0B9-8D59-DB52-5035-09A9BEDA9D2B}.Release|Any CPU.Build.0 = Release|Any CPU
		{1871512E-CC80-E445-9217-04894DAB2BD8}.Debug|Any CPU.ActiveCfg = Debug|Any CPU
		{1871512E-CC80-E445-9217-04894DAB2BD8}.Debug|Any CPU.Build.0 = Debug|Any CPU
		{1871512E-CC80-E445-9217-04894DAB2BD8}.Release|Any CPU.ActiveCfg = Release|Any CPU
		{1871512E-CC80-E445-9217-04894DAB2BD8}.Release|Any CPU.Build.0 = Release|Any CPU
		{04A8E057-27BF-C535-B63A-264B4875AAEE}.Debug|Any CPU.ActiveCfg = Debug|Any CPU
		{04A8E057-27BF-C535-B63A-264B4875AAEE}.Debug|Any CPU.Build.0 = Debug|Any CPU
		{04A8E057-27BF-C535-B63A-264B4875AAEE}.Release|Any CPU.ActiveCfg = Release|Any CPU
		{04A8E057-27BF-C535-B63A-264B4875AAEE}.Release|Any CPU.Build.0 = Release|Any CPU
		{E7F7C981-79ED-59CE-DF39-4203FD7456C4}.Debug|Any CPU.ActiveCfg = Debug|Any CPU
		{E7F7C981-79ED-59CE-DF39-4203FD7456C4}.Debug|Any CPU.Build.0 = Debug|Any CPU
		{E7F7C981-79ED-59CE-DF39-4203FD7456C4}.Release|Any CPU.ActiveCfg = Release|Any CPU
		{E7F7C981-79ED-59CE-DF39-4203FD7456C4}.Release|Any CPU.Build.0 = Release|Any CPU
		{805EE543-472A-B010-3F31-952D1CCFE327}.Debug|Any CPU.ActiveCfg = Debug|Any CPU
		{805EE543-472A-B010-3F31-952D1CCFE327}.Debug|Any CPU.Build.0 = Debug|Any CPU
		{805EE543-472A-B010-3F31-952D1CCFE327}.Release|Any CPU.ActiveCfg = Release|Any CPU
		{805EE543-472A-B010-3F31-952D1CCFE327}.Release|Any CPU.Build.0 = Release|Any CPU
		{2BB03D78-5FD2-6E31-E235-ACDE9D0267A0}.Debug|Any CPU.ActiveCfg = Debug|Any CPU
		{2BB03D78-5FD2-6E31-E235-ACDE9D0267A0}.Debug|Any CPU.Build.0 = Debug|Any CPU
		{2BB03D78-5FD2-6E31-E235-ACDE9D0267A0}.Release|Any CPU.ActiveCfg = Release|Any CPU
		{2BB03D78-5FD2-6E31-E235-ACDE9D0267A0}.Release|Any CPU.Build.0 = Release|Any CPU
		{27DF5B6B-FAC2-0194-7B34-E299D7F6637E}.Debug|Any CPU.ActiveCfg = Debug|Any CPU
		{27DF5B6B-FAC2-0194-7B34-E299D7F6637E}.Debug|Any CPU.Build.0 = Debug|Any CPU
		{27DF5B6B-FAC2-0194-7B34-E299D7F6637E}.Release|Any CPU.ActiveCfg = Release|Any CPU
		{27DF5B6B-FAC2-0194-7B34-E299D7F6637E}.Release|Any CPU.Build.0 = Release|Any CPU
		{3FA72752-A860-2340-E3C1-86E9600986E0}.Debug|Any CPU.ActiveCfg = Debug|Any CPU
		{3FA72752-A860-2340-E3C1-86E9600986E0}.Debug|Any CPU.Build.0 = Debug|Any CPU
		{3FA72752-A860-2340-E3C1-86E9600986E0}.Release|Any CPU.ActiveCfg = Release|Any CPU
		{3FA72752-A860-2340-E3C1-86E9600986E0}.Release|Any CPU.Build.0 = Release|Any CPU
		{B069A814-5467-4805-D77B-DE314C4EF988}.Debug|Any CPU.ActiveCfg = Debug|Any CPU
		{B069A814-5467-4805-D77B-DE314C4EF988}.Debug|Any CPU.Build.0 = Debug|Any CPU
		{B069A814-5467-4805-D77B-DE314C4EF988}.Release|Any CPU.ActiveCfg = Release|Any CPU
		{B069A814-5467-4805-D77B-DE314C4EF988}.Release|Any CPU.Build.0 = Release|Any CPU
		{AC5F0BB9-461C-5BB6-28D1-5483D211F95C}.Debug|Any CPU.ActiveCfg = Debug|Any CPU
		{AC5F0BB9-461C-5BB6-28D1-5483D211F95C}.Debug|Any CPU.Build.0 = Debug|Any CPU
		{AC5F0BB9-461C-5BB6-28D1-5483D211F95C}.Release|Any CPU.ActiveCfg = Release|Any CPU
		{AC5F0BB9-461C-5BB6-28D1-5483D211F95C}.Release|Any CPU.Build.0 = Release|Any CPU
		{C395DB17-F6E5-2AF2-6B15-81CDF7F0FBB5}.Debug|Any CPU.ActiveCfg = Debug|Any CPU
		{C395DB17-F6E5-2AF2-6B15-81CDF7F0FBB5}.Debug|Any CPU.Build.0 = Debug|Any CPU
		{C395DB17-F6E5-2AF2-6B15-81CDF7F0FBB5}.Release|Any CPU.ActiveCfg = Release|Any CPU
		{C395DB17-F6E5-2AF2-6B15-81CDF7F0FBB5}.Release|Any CPU.Build.0 = Release|Any CPU
		{C9645C8D-197B-9494-361A-0CEE4F4A2692}.Debug|Any CPU.ActiveCfg = Debug|Any CPU
		{C9645C8D-197B-9494-361A-0CEE4F4A2692}.Debug|Any CPU.Build.0 = Debug|Any CPU
		{C9645C8D-197B-9494-361A-0CEE4F4A2692}.Release|Any CPU.ActiveCfg = Release|Any CPU
		{C9645C8D-197B-9494-361A-0CEE4F4A2692}.Release|Any CPU.Build.0 = Release|Any CPU
		{3FE14059-8A87-4970-0F45-F1205337C9D0}.Debug|Any CPU.ActiveCfg = Debug|Any CPU
		{3FE14059-8A87-4970-0F45-F1205337C9D0}.Debug|Any CPU.Build.0 = Debug|Any CPU
		{3FE14059-8A87-4970-0F45-F1205337C9D0}.Release|Any CPU.ActiveCfg = Release|Any CPU
		{3FE14059-8A87-4970-0F45-F1205337C9D0}.Release|Any CPU.Build.0 = Release|Any CPU
		{66F0A480-7ADA-EA6C-FBC3-97068929FA6F}.Debug|Any CPU.ActiveCfg = Debug|Any CPU
		{66F0A480-7ADA-EA6C-FBC3-97068929FA6F}.Debug|Any CPU.Build.0 = Debug|Any CPU
		{66F0A480-7ADA-EA6C-FBC3-97068929FA6F}.Release|Any CPU.ActiveCfg = Release|Any CPU
		{66F0A480-7ADA-EA6C-FBC3-97068929FA6F}.Release|Any CPU.Build.0 = Release|Any CPU
		{907EA8C5-47AB-A2EE-39C1-E53D55C7C2AF}.Debug|Any CPU.ActiveCfg = Debug|Any CPU
		{907EA8C5-47AB-A2EE-39C1-E53D55C7C2AF}.Debug|Any CPU.Build.0 = Debug|Any CPU
		{907EA8C5-47AB-A2EE-39C1-E53D55C7C2AF}.Release|Any CPU.ActiveCfg = Release|Any CPU
		{907EA8C5-47AB-A2EE-39C1-E53D55C7C2AF}.Release|Any CPU.Build.0 = Release|Any CPU
		{CB42A4DB-4C11-A5EE-F00A-131203DA5F7B}.Debug|Any CPU.ActiveCfg = Debug|Any CPU
		{CB42A4DB-4C11-A5EE-F00A-131203DA5F7B}.Debug|Any CPU.Build.0 = Debug|Any CPU
		{CB42A4DB-4C11-A5EE-F00A-131203DA5F7B}.Release|Any CPU.ActiveCfg = Release|Any CPU
		{CB42A4DB-4C11-A5EE-F00A-131203DA5F7B}.Release|Any CPU.Build.0 = Release|Any CPU
		{2D58B865-E53A-0DBB-384B-A242D59F7C96}.Debug|Any CPU.ActiveCfg = Debug|Any CPU
		{2D58B865-E53A-0DBB-384B-A242D59F7C96}.Debug|Any CPU.Build.0 = Debug|Any CPU
		{2D58B865-E53A-0DBB-384B-A242D59F7C96}.Release|Any CPU.ActiveCfg = Release|Any CPU
		{2D58B865-E53A-0DBB-384B-A242D59F7C96}.Release|Any CPU.Build.0 = Release|Any CPU
		{08D09553-0D01-44EA-7A35-301DC9FEF12A}.Debug|Any CPU.ActiveCfg = Debug|Any CPU
		{08D09553-0D01-44EA-7A35-301DC9FEF12A}.Debug|Any CPU.Build.0 = Debug|Any CPU
		{08D09553-0D01-44EA-7A35-301DC9FEF12A}.Release|Any CPU.ActiveCfg = Release|Any CPU
		{08D09553-0D01-44EA-7A35-301DC9FEF12A}.Release|Any CPU.Build.0 = Release|Any CPU
		{22C3D044-AD0E-176C-59C7-DFABF772BCE1}.Debug|Any CPU.ActiveCfg = Debug|Any CPU
		{22C3D044-AD0E-176C-59C7-DFABF772BCE1}.Debug|Any CPU.Build.0 = Debug|Any CPU
		{22C3D044-AD0E-176C-59C7-DFABF772BCE1}.Release|Any CPU.ActiveCfg = Release|Any CPU
		{22C3D044-AD0E-176C-59C7-DFABF772BCE1}.Release|Any CPU.Build.0 = Release|Any CPU
		{CBB757AC-BC47-22C8-78E4-39286AD39D0B}.Debug|Any CPU.ActiveCfg = Debug|Any CPU
		{CBB757AC-BC47-22C8-78E4-39286AD39D0B}.Debug|Any CPU.Build.0 = Debug|Any CPU
		{CBB757AC-BC47-22C8-78E4-39286AD39D0B}.Release|Any CPU.ActiveCfg = Release|Any CPU
		{CBB757AC-BC47-22C8-78E4-39286AD39D0B}.Release|Any CPU.Build.0 = Release|Any CPU
		{95B14304-2022-EDCF-B289-5F58BB870BC2}.Debug|Any CPU.ActiveCfg = Debug|Any CPU
		{95B14304-2022-EDCF-B289-5F58BB870BC2}.Debug|Any CPU.Build.0 = Debug|Any CPU
		{95B14304-2022-EDCF-B289-5F58BB870BC2}.Release|Any CPU.ActiveCfg = Release|Any CPU
		{95B14304-2022-EDCF-B289-5F58BB870BC2}.Release|Any CPU.Build.0 = Release|Any CPU
		{821B0483-F73B-AEE6-ED9A-474647FFD048}.Debug|Any CPU.ActiveCfg = Debug|Any CPU
		{821B0483-F73B-AEE6-ED9A-474647FFD048}.Debug|Any CPU.Build.0 = Debug|Any CPU
		{821B0483-F73B-AEE6-ED9A-474647FFD048}.Release|Any CPU.ActiveCfg = Release|Any CPU
		{821B0483-F73B-AEE6-ED9A-474647FFD048}.Release|Any CPU.Build.0 = Release|Any CPU
		{8C6067E8-4800-5538-DC17-9E7852D82CB1}.Debug|Any CPU.ActiveCfg = Debug|Any CPU
		{8C6067E8-4800-5538-DC17-9E7852D82CB1}.Debug|Any CPU.Build.0 = Debug|Any CPU
		{8C6067E8-4800-5538-DC17-9E7852D82CB1}.Release|Any CPU.ActiveCfg = Release|Any CPU
		{8C6067E8-4800-5538-DC17-9E7852D82CB1}.Release|Any CPU.Build.0 = Release|Any CPU
		{C04CF7EA-511F-2F3B-F2B6-4ECB926090CE}.Debug|Any CPU.ActiveCfg = Debug|Any CPU
		{C04CF7EA-511F-2F3B-F2B6-4ECB926090CE}.Debug|Any CPU.Build.0 = Debug|Any CPU
		{C04CF7EA-511F-2F3B-F2B6-4ECB926090CE}.Release|Any CPU.ActiveCfg = Release|Any CPU
		{C04CF7EA-511F-2F3B-F2B6-4ECB926090CE}.Release|Any CPU.Build.0 = Release|Any CPU
		{2740235E-ACB4-8204-D0F2-764F81C6CEE7}.Debug|Any CPU.ActiveCfg = Debug|Any CPU
		{2740235E-ACB4-8204-D0F2-764F81C6CEE7}.Debug|Any CPU.Build.0 = Debug|Any CPU
		{2740235E-ACB4-8204-D0F2-764F81C6CEE7}.Release|Any CPU.ActiveCfg = Release|Any CPU
		{2740235E-ACB4-8204-D0F2-764F81C6CEE7}.Release|Any CPU.Build.0 = Release|Any CPU
		{13DC0546-2201-50F2-EE0C-1344FB086BD6}.Debug|Any CPU.ActiveCfg = Debug|Any CPU
		{13DC0546-2201-50F2-EE0C-1344FB086BD6}.Debug|Any CPU.Build.0 = Debug|Any CPU
		{13DC0546-2201-50F2-EE0C-1344FB086BD6}.Release|Any CPU.ActiveCfg = Release|Any CPU
		{13DC0546-2201-50F2-EE0C-1344FB086BD6}.Release|Any CPU.Build.0 = Release|Any CPU
		{68C6BFC6-DE9D-BB5B-9F37-FDC030518723}.Debug|Any CPU.ActiveCfg = Debug|Any CPU
		{68C6BFC6-DE9D-BB5B-9F37-FDC030518723}.Debug|Any CPU.Build.0 = Debug|Any CPU
		{68C6BFC6-DE9D-BB5B-9F37-FDC030518723}.Release|Any CPU.ActiveCfg = Release|Any CPU
		{68C6BFC6-DE9D-BB5B-9F37-FDC030518723}.Release|Any CPU.Build.0 = Release|Any CPU
		{EECC5F2A-0AE4-58AF-FC21-05F6210E7DB7}.Debug|Any CPU.ActiveCfg = Debug|Any CPU
		{EECC5F2A-0AE4-58AF-FC21-05F6210E7DB7}.Debug|Any CPU.Build.0 = Debug|Any CPU
		{EECC5F2A-0AE4-58AF-FC21-05F6210E7DB7}.Release|Any CPU.ActiveCfg = Release|Any CPU
		{EECC5F2A-0AE4-58AF-FC21-05F6210E7DB7}.Release|Any CPU.Build.0 = Release|Any CPU
		{8E9978FB-F994-6B11-B8A2-1FF6E2D3558E}.Debug|Any CPU.ActiveCfg = Debug|Any CPU
		{8E9978FB-F994-6B11-B8A2-1FF6E2D3558E}.Debug|Any CPU.Build.0 = Debug|Any CPU
		{8E9978FB-F994-6B11-B8A2-1FF6E2D3558E}.Release|Any CPU.ActiveCfg = Release|Any CPU
		{8E9978FB-F994-6B11-B8A2-1FF6E2D3558E}.Release|Any CPU.Build.0 = Release|Any CPU
		{68DB470C-0DC9-C1B8-C32E-C292E02D4248}.Debug|Any CPU.ActiveCfg = Debug|Any CPU
		{68DB470C-0DC9-C1B8-C32E-C292E02D4248}.Debug|Any CPU.Build.0 = Debug|Any CPU
		{68DB470C-0DC9-C1B8-C32E-C292E02D4248}.Release|Any CPU.ActiveCfg = Release|Any CPU
		{68DB470C-0DC9-C1B8-C32E-C292E02D4248}.Release|Any CPU.Build.0 = Release|Any CPU
		{9586DC81-BC47-8E23-6AA4-8E8836BEE73C}.Debug|Any CPU.ActiveCfg = Debug|Any CPU
		{9586DC81-BC47-8E23-6AA4-8E8836BEE73C}.Debug|Any CPU.Build.0 = Debug|Any CPU
		{9586DC81-BC47-8E23-6AA4-8E8836BEE73C}.Release|Any CPU.ActiveCfg = Release|Any CPU
		{9586DC81-BC47-8E23-6AA4-8E8836BEE73C}.Release|Any CPU.Build.0 = Release|Any CPU
		{C1F26990-CC48-F06B-FBB7-906D02AC0C35}.Debug|Any CPU.ActiveCfg = Debug|Any CPU
		{C1F26990-CC48-F06B-FBB7-906D02AC0C35}.Debug|Any CPU.Build.0 = Debug|Any CPU
		{C1F26990-CC48-F06B-FBB7-906D02AC0C35}.Release|Any CPU.ActiveCfg = Release|Any CPU
		{C1F26990-CC48-F06B-FBB7-906D02AC0C35}.Release|Any CPU.Build.0 = Release|Any CPU
		{E72EFB45-1B23-0B50-7729-18A205C33939}.Debug|Any CPU.ActiveCfg = Debug|Any CPU
		{E72EFB45-1B23-0B50-7729-18A205C33939}.Debug|Any CPU.Build.0 = Debug|Any CPU
		{E72EFB45-1B23-0B50-7729-18A205C33939}.Release|Any CPU.ActiveCfg = Release|Any CPU
		{E72EFB45-1B23-0B50-7729-18A205C33939}.Release|Any CPU.Build.0 = Release|Any CPU
		{317D9524-7A86-9DFD-C10D-4F6D53FE5793}.Debug|Any CPU.ActiveCfg = Debug|Any CPU
		{317D9524-7A86-9DFD-C10D-4F6D53FE5793}.Debug|Any CPU.Build.0 = Debug|Any CPU
		{317D9524-7A86-9DFD-C10D-4F6D53FE5793}.Release|Any CPU.ActiveCfg = Release|Any CPU
		{317D9524-7A86-9DFD-C10D-4F6D53FE5793}.Release|Any CPU.Build.0 = Release|Any CPU
		{1A7E353F-E741-1358-0E23-5B3D67953835}.Debug|Any CPU.ActiveCfg = Debug|Any CPU
		{1A7E353F-E741-1358-0E23-5B3D67953835}.Debug|Any CPU.Build.0 = Debug|Any CPU
		{1A7E353F-E741-1358-0E23-5B3D67953835}.Release|Any CPU.ActiveCfg = Release|Any CPU
		{1A7E353F-E741-1358-0E23-5B3D67953835}.Release|Any CPU.Build.0 = Release|Any CPU
		{3FACD4BE-2322-BFDA-BADB-88AC709FF4F4}.Debug|Any CPU.ActiveCfg = Debug|Any CPU
		{3FACD4BE-2322-BFDA-BADB-88AC709FF4F4}.Debug|Any CPU.Build.0 = Debug|Any CPU
		{3FACD4BE-2322-BFDA-BADB-88AC709FF4F4}.Release|Any CPU.ActiveCfg = Release|Any CPU
		{3FACD4BE-2322-BFDA-BADB-88AC709FF4F4}.Release|Any CPU.Build.0 = Release|Any CPU
		{F3FAC72D-ABE0-1354-468C-D7F63D55B81A}.Debug|Any CPU.ActiveCfg = Debug|Any CPU
		{F3FAC72D-ABE0-1354-468C-D7F63D55B81A}.Debug|Any CPU.Build.0 = Debug|Any CPU
		{F3FAC72D-ABE0-1354-468C-D7F63D55B81A}.Release|Any CPU.ActiveCfg = Release|Any CPU
		{F3FAC72D-ABE0-1354-468C-D7F63D55B81A}.Release|Any CPU.Build.0 = Release|Any CPU
		{1C77130E-5DF8-641B-021D-7FFFFC309B16}.Debug|Any CPU.ActiveCfg = Debug|Any CPU
		{1C77130E-5DF8-641B-021D-7FFFFC309B16}.Debug|Any CPU.Build.0 = Debug|Any CPU
		{1C77130E-5DF8-641B-021D-7FFFFC309B16}.Release|Any CPU.ActiveCfg = Release|Any CPU
		{1C77130E-5DF8-641B-021D-7FFFFC309B16}.Release|Any CPU.Build.0 = Release|Any CPU
		{FBF864E6-A4B0-696A-3C8E-064DBA599645}.Debug|Any CPU.ActiveCfg = Debug|Any CPU
		{FBF864E6-A4B0-696A-3C8E-064DBA599645}.Debug|Any CPU.Build.0 = Debug|Any CPU
		{FBF864E6-A4B0-696A-3C8E-064DBA599645}.Release|Any CPU.ActiveCfg = Release|Any CPU
		{FBF864E6-A4B0-696A-3C8E-064DBA599645}.Release|Any CPU.Build.0 = Release|Any CPU
		{B1E94787-9A7C-B3C8-0BF5-AB1E5616E2AF}.Debug|Any CPU.ActiveCfg = Debug|Any CPU
		{B1E94787-9A7C-B3C8-0BF5-AB1E5616E2AF}.Debug|Any CPU.Build.0 = Debug|Any CPU
		{B1E94787-9A7C-B3C8-0BF5-AB1E5616E2AF}.Release|Any CPU.ActiveCfg = Release|Any CPU
		{B1E94787-9A7C-B3C8-0BF5-AB1E5616E2AF}.Release|Any CPU.Build.0 = Release|Any CPU
		{68D10B97-0FE6-D394-78D4-BAD53C148C9C}.Debug|Any CPU.ActiveCfg = Debug|Any CPU
		{68D10B97-0FE6-D394-78D4-BAD53C148C9C}.Debug|Any CPU.Build.0 = Debug|Any CPU
		{68D10B97-0FE6-D394-78D4-BAD53C148C9C}.Release|Any CPU.ActiveCfg = Release|Any CPU
		{68D10B97-0FE6-D394-78D4-BAD53C148C9C}.Release|Any CPU.Build.0 = Release|Any CPU
		{A158824E-F46E-EA8C-3837-80DC34B4011F}.Debug|Any CPU.ActiveCfg = Debug|Any CPU
		{A158824E-F46E-EA8C-3837-80DC34B4011F}.Debug|Any CPU.Build.0 = Debug|Any CPU
		{A158824E-F46E-EA8C-3837-80DC34B4011F}.Release|Any CPU.ActiveCfg = Release|Any CPU
		{A158824E-F46E-EA8C-3837-80DC34B4011F}.Release|Any CPU.Build.0 = Release|Any CPU
		{63EA6C68-CDF0-8FC0-BB34-53E040719719}.Debug|Any CPU.ActiveCfg = Debug|Any CPU
		{63EA6C68-CDF0-8FC0-BB34-53E040719719}.Debug|Any CPU.Build.0 = Debug|Any CPU
		{63EA6C68-CDF0-8FC0-BB34-53E040719719}.Release|Any CPU.ActiveCfg = Release|Any CPU
		{63EA6C68-CDF0-8FC0-BB34-53E040719719}.Release|Any CPU.Build.0 = Release|Any CPU
		{37A82091-B036-A275-85A2-71C4FAD48A73}.Debug|Any CPU.ActiveCfg = Debug|Any CPU
		{37A82091-B036-A275-85A2-71C4FAD48A73}.Debug|Any CPU.Build.0 = Debug|Any CPU
		{37A82091-B036-A275-85A2-71C4FAD48A73}.Release|Any CPU.ActiveCfg = Release|Any CPU
		{37A82091-B036-A275-85A2-71C4FAD48A73}.Release|Any CPU.Build.0 = Release|Any CPU
		{D7F335BA-1747-9414-A9BB-81532138D781}.Debug|Any CPU.ActiveCfg = Debug|Any CPU
		{D7F335BA-1747-9414-A9BB-81532138D781}.Debug|Any CPU.Build.0 = Debug|Any CPU
		{D7F335BA-1747-9414-A9BB-81532138D781}.Release|Any CPU.ActiveCfg = Release|Any CPU
		{D7F335BA-1747-9414-A9BB-81532138D781}.Release|Any CPU.Build.0 = Release|Any CPU
		{533B54EF-8C9A-73FF-32F2-23FB45B07053}.Debug|Any CPU.ActiveCfg = Debug|Any CPU
		{533B54EF-8C9A-73FF-32F2-23FB45B07053}.Debug|Any CPU.Build.0 = Debug|Any CPU
		{533B54EF-8C9A-73FF-32F2-23FB45B07053}.Release|Any CPU.ActiveCfg = Release|Any CPU
		{533B54EF-8C9A-73FF-32F2-23FB45B07053}.Release|Any CPU.Build.0 = Release|Any CPU
		{EB09233E-C8C8-30BF-6D47-40A6BD27ECCE}.Debug|Any CPU.ActiveCfg = Debug|Any CPU
		{EB09233E-C8C8-30BF-6D47-40A6BD27ECCE}.Debug|Any CPU.Build.0 = Debug|Any CPU
		{EB09233E-C8C8-30BF-6D47-40A6BD27ECCE}.Release|Any CPU.ActiveCfg = Release|Any CPU
		{EB09233E-C8C8-30BF-6D47-40A6BD27ECCE}.Release|Any CPU.Build.0 = Release|Any CPU
		{EF6E3050-8D4D-079D-3B40-7C93B739A3E4}.Debug|Any CPU.ActiveCfg = Debug|Any CPU
		{EF6E3050-8D4D-079D-3B40-7C93B739A3E4}.Debug|Any CPU.Build.0 = Debug|Any CPU
		{EF6E3050-8D4D-079D-3B40-7C93B739A3E4}.Release|Any CPU.ActiveCfg = Release|Any CPU
		{EF6E3050-8D4D-079D-3B40-7C93B739A3E4}.Release|Any CPU.Build.0 = Release|Any CPU
		{6BADFA6E-D3F8-D634-3EA0-3A6FB4AA6BD0}.Debug|Any CPU.ActiveCfg = Debug|Any CPU
		{6BADFA6E-D3F8-D634-3EA0-3A6FB4AA6BD0}.Debug|Any CPU.Build.0 = Debug|Any CPU
		{6BADFA6E-D3F8-D634-3EA0-3A6FB4AA6BD0}.Release|Any CPU.ActiveCfg = Release|Any CPU
		{6BADFA6E-D3F8-D634-3EA0-3A6FB4AA6BD0}.Release|Any CPU.Build.0 = Release|Any CPU
		{637FB6B9-1354-E311-57FA-DB20D7174AA7}.Debug|Any CPU.ActiveCfg = Debug|Any CPU
		{637FB6B9-1354-E311-57FA-DB20D7174AA7}.Debug|Any CPU.Build.0 = Debug|Any CPU
		{637FB6B9-1354-E311-57FA-DB20D7174AA7}.Release|Any CPU.ActiveCfg = Release|Any CPU
		{637FB6B9-1354-E311-57FA-DB20D7174AA7}.Release|Any CPU.Build.0 = Release|Any CPU
		{3B422FFA-7792-FB36-30CA-680AACDD8F21}.Debug|Any CPU.ActiveCfg = Debug|Any CPU
		{3B422FFA-7792-FB36-30CA-680AACDD8F21}.Debug|Any CPU.Build.0 = Debug|Any CPU
		{3B422FFA-7792-FB36-30CA-680AACDD8F21}.Release|Any CPU.ActiveCfg = Release|Any CPU
		{3B422FFA-7792-FB36-30CA-680AACDD8F21}.Release|Any CPU.Build.0 = Release|Any CPU
		{BA38B49B-3321-CBCB-7396-107ADF83C86B}.Debug|Any CPU.ActiveCfg = Debug|Any CPU
		{BA38B49B-3321-CBCB-7396-107ADF83C86B}.Debug|Any CPU.Build.0 = Debug|Any CPU
		{BA38B49B-3321-CBCB-7396-107ADF83C86B}.Release|Any CPU.ActiveCfg = Release|Any CPU
		{BA38B49B-3321-CBCB-7396-107ADF83C86B}.Release|Any CPU.Build.0 = Release|Any CPU
		{1D16C252-D764-42FA-C74B-8C66193361E0}.Debug|Any CPU.ActiveCfg = Debug|Any CPU
		{1D16C252-D764-42FA-C74B-8C66193361E0}.Debug|Any CPU.Build.0 = Debug|Any CPU
		{1D16C252-D764-42FA-C74B-8C66193361E0}.Release|Any CPU.ActiveCfg = Release|Any CPU
		{1D16C252-D764-42FA-C74B-8C66193361E0}.Release|Any CPU.Build.0 = Release|Any CPU
		{25F03403-68E9-00AB-15A1-5EA0DEC9A662}.Debug|Any CPU.ActiveCfg = Debug|Any CPU
		{25F03403-68E9-00AB-15A1-5EA0DEC9A662}.Debug|Any CPU.Build.0 = Debug|Any CPU
		{25F03403-68E9-00AB-15A1-5EA0DEC9A662}.Release|Any CPU.ActiveCfg = Release|Any CPU
		{25F03403-68E9-00AB-15A1-5EA0DEC9A662}.Release|Any CPU.Build.0 = Release|Any CPU
		{C5324A22-DF1A-6BC3-312A-BC7BB5D4472B}.Debug|Any CPU.ActiveCfg = Debug|Any CPU
		{C5324A22-DF1A-6BC3-312A-BC7BB5D4472B}.Debug|Any CPU.Build.0 = Debug|Any CPU
		{C5324A22-DF1A-6BC3-312A-BC7BB5D4472B}.Release|Any CPU.ActiveCfg = Release|Any CPU
		{C5324A22-DF1A-6BC3-312A-BC7BB5D4472B}.Release|Any CPU.Build.0 = Release|Any CPU
		{48EA681B-4295-B5C3-1319-1FD0E37B3353}.Debug|Any CPU.ActiveCfg = Debug|Any CPU
		{48EA681B-4295-B5C3-1319-1FD0E37B3353}.Debug|Any CPU.Build.0 = Debug|Any CPU
		{48EA681B-4295-B5C3-1319-1FD0E37B3353}.Release|Any CPU.ActiveCfg = Release|Any CPU
		{48EA681B-4295-B5C3-1319-1FD0E37B3353}.Release|Any CPU.Build.0 = Release|Any CPU
		{F3BCC316-6718-CA78-1938-322D4378CB3B}.Debug|Any CPU.ActiveCfg = Debug|Any CPU
		{F3BCC316-6718-CA78-1938-322D4378CB3B}.Debug|Any CPU.Build.0 = Debug|Any CPU
		{F3BCC316-6718-CA78-1938-322D4378CB3B}.Release|Any CPU.ActiveCfg = Release|Any CPU
		{F3BCC316-6718-CA78-1938-322D4378CB3B}.Release|Any CPU.Build.0 = Release|Any CPU
		{7A9B8EA0-F863-DD83-94C0-B3FF46891B42}.Debug|Any CPU.ActiveCfg = Debug|Any CPU
		{7A9B8EA0-F863-DD83-94C0-B3FF46891B42}.Debug|Any CPU.Build.0 = Debug|Any CPU
		{7A9B8EA0-F863-DD83-94C0-B3FF46891B42}.Release|Any CPU.ActiveCfg = Release|Any CPU
		{7A9B8EA0-F863-DD83-94C0-B3FF46891B42}.Release|Any CPU.Build.0 = Release|Any CPU
		{7E41B585-984C-6449-8797-9A6FB1B79B68}.Debug|Any CPU.ActiveCfg = Debug|Any CPU
		{7E41B585-984C-6449-8797-9A6FB1B79B68}.Debug|Any CPU.Build.0 = Debug|Any CPU
		{7E41B585-984C-6449-8797-9A6FB1B79B68}.Release|Any CPU.ActiveCfg = Release|Any CPU
		{7E41B585-984C-6449-8797-9A6FB1B79B68}.Release|Any CPU.Build.0 = Release|Any CPU
		{4F2DAAA7-5EF0-F223-55C9-37EF716A7B54}.Debug|Any CPU.ActiveCfg = Debug|Any CPU
		{4F2DAAA7-5EF0-F223-55C9-37EF716A7B54}.Debug|Any CPU.Build.0 = Debug|Any CPU
		{4F2DAAA7-5EF0-F223-55C9-37EF716A7B54}.Release|Any CPU.ActiveCfg = Release|Any CPU
		{4F2DAAA7-5EF0-F223-55C9-37EF716A7B54}.Release|Any CPU.Build.0 = Release|Any CPU
		{EF38F4CA-9D22-833C-693E-53898F779F80}.Debug|Any CPU.ActiveCfg = Debug|Any CPU
		{EF38F4CA-9D22-833C-693E-53898F779F80}.Debug|Any CPU.Build.0 = Debug|Any CPU
		{EF38F4CA-9D22-833C-693E-53898F779F80}.Release|Any CPU.ActiveCfg = Release|Any CPU
		{EF38F4CA-9D22-833C-693E-53898F779F80}.Release|Any CPU.Build.0 = Release|Any CPU
		{D943C0BE-CAF3-A163-259C-267B52772B5E}.Debug|Any CPU.ActiveCfg = Debug|Any CPU
		{D943C0BE-CAF3-A163-259C-267B52772B5E}.Debug|Any CPU.Build.0 = Debug|Any CPU
		{D943C0BE-CAF3-A163-259C-267B52772B5E}.Release|Any CPU.ActiveCfg = Release|Any CPU
		{D943C0BE-CAF3-A163-259C-267B52772B5E}.Release|Any CPU.Build.0 = Release|Any CPU
		{D3BC790D-C602-2137-015B-8FB098EE91FA}.Debug|Any CPU.ActiveCfg = Debug|Any CPU
		{D3BC790D-C602-2137-015B-8FB098EE91FA}.Debug|Any CPU.Build.0 = Debug|Any CPU
		{D3BC790D-C602-2137-015B-8FB098EE91FA}.Release|Any CPU.ActiveCfg = Release|Any CPU
		{D3BC790D-C602-2137-015B-8FB098EE91FA}.Release|Any CPU.Build.0 = Release|Any CPU
		{E758E79A-2CDE-F335-EB23-F3B44CC92181}.Debug|Any CPU.ActiveCfg = Debug|Any CPU
		{E758E79A-2CDE-F335-EB23-F3B44CC92181}.Debug|Any CPU.Build.0 = Debug|Any CPU
		{E758E79A-2CDE-F335-EB23-F3B44CC92181}.Release|Any CPU.ActiveCfg = Release|Any CPU
		{E758E79A-2CDE-F335-EB23-F3B44CC92181}.Release|Any CPU.Build.0 = Release|Any CPU
		{EFF9E362-867F-9168-5C35-AFC88AF9B8AC}.Debug|Any CPU.ActiveCfg = Debug|Any CPU
		{EFF9E362-867F-9168-5C35-AFC88AF9B8AC}.Debug|Any CPU.Build.0 = Debug|Any CPU
		{EFF9E362-867F-9168-5C35-AFC88AF9B8AC}.Release|Any CPU.ActiveCfg = Release|Any CPU
		{EFF9E362-867F-9168-5C35-AFC88AF9B8AC}.Release|Any CPU.Build.0 = Release|Any CPU
		{B63546AA-B728-1A45-2200-ED33E6BBCBF3}.Debug|Any CPU.ActiveCfg = Debug|Any CPU
		{B63546AA-B728-1A45-2200-ED33E6BBCBF3}.Debug|Any CPU.Build.0 = Debug|Any CPU
		{B63546AA-B728-1A45-2200-ED33E6BBCBF3}.Release|Any CPU.ActiveCfg = Release|Any CPU
		{B63546AA-B728-1A45-2200-ED33E6BBCBF3}.Release|Any CPU.Build.0 = Release|Any CPU
		{C34DDE99-FF12-FDBE-6855-FC1D51326E99}.Debug|Any CPU.ActiveCfg = Debug|Any CPU
		{C34DDE99-FF12-FDBE-6855-FC1D51326E99}.Debug|Any CPU.Build.0 = Debug|Any CPU
		{C34DDE99-FF12-FDBE-6855-FC1D51326E99}.Release|Any CPU.ActiveCfg = Release|Any CPU
		{C34DDE99-FF12-FDBE-6855-FC1D51326E99}.Release|Any CPU.Build.0 = Release|Any CPU
		{F8FF7A44-122B-4171-9BF7-4F7E645EADD5}.Debug|Any CPU.ActiveCfg = Debug|Any CPU
		{F8FF7A44-122B-4171-9BF7-4F7E645EADD5}.Debug|Any CPU.Build.0 = Debug|Any CPU
		{F8FF7A44-122B-4171-9BF7-4F7E645EADD5}.Release|Any CPU.ActiveCfg = Release|Any CPU
		{F8FF7A44-122B-4171-9BF7-4F7E645EADD5}.Release|Any CPU.Build.0 = Release|Any CPU
		{EAF8DAE5-95E1-E1A9-3FC3-8DF032409ED6}.Debug|Any CPU.ActiveCfg = Debug|Any CPU
		{EAF8DAE5-95E1-E1A9-3FC3-8DF032409ED6}.Debug|Any CPU.Build.0 = Debug|Any CPU
		{EAF8DAE5-95E1-E1A9-3FC3-8DF032409ED6}.Release|Any CPU.ActiveCfg = Release|Any CPU
		{EAF8DAE5-95E1-E1A9-3FC3-8DF032409ED6}.Release|Any CPU.Build.0 = Release|Any CPU
	EndGlobalSection
	GlobalSection(SolutionProperties) = preSolution
		HideSolutionNode = FALSE
	EndGlobalSection
EndGlobal
